
Microsoft Visual Studio Solution File, Format Version 12.00
# Visual Studio Version 17
VisualStudioVersion = 17.7.34031.279
MinimumVisualStudioVersion = 10.0.40219.1
Project("{FAE04EC0-301F-11D3-BF4B-00C04F79EFBC}") = "Kakeibo", "Kakeibo\Kakeibo.csproj", "{2886546D-CA93-42D7-AB5B-B79893E877CA}"
EndProject
Global
	GlobalSection(SolutionConfigurationPlatforms) = preSolution
		Debug|Any CPU = Debug|Any CPU
		Release|Any CPU = Release|Any CPU
	EndGlobalSection
	GlobalSection(ProjectConfigurationPlatforms) = postSolution
		{2886546D-CA93-42D7-AB5B-B79893E877CA}.Debug|Any CPU.ActiveCfg = Debug|Any CPU
		{2886546D-CA93-42D7-AB5B-B79893E877CA}.Debug|Any CPU.Build.0 = Debug|Any CPU
		{2886546D-CA93-42D7-AB5B-B79893E877CA}.Release|Any CPU.ActiveCfg = Release|Any CPU
		{2886546D-CA93-42D7-AB5B-B79893E877CA}.Release|Any CPU.Build.0 = Release|Any CPU
	EndGlobalSection
	GlobalSection(SolutionProperties) = preSolution
		HideSolutionNode = FALSE
	EndGlobalSection
	GlobalSection(ExtensibilityGlobals) = postSolution
		SolutionGuid = {71CCC25A-DB54-44F7-BB5C-EEA7F65163F0}
	EndGlobalSection
EndGlobal
